
Microsoft Visual Studio Solution File, Format Version 12.00
Project("{FAE04EC0-301F-11D3-BF4B-00C04F79EFBC}") = "FrankfurterApp", "FrankfurterApp\FrankfurterApp.csproj", "{E40D5BD7-E68A-4335-B941-20AE0A968CAD}"
EndProject
Project("{FAE04EC0-301F-11D3-BF4B-00C04F79EFBC}") = "FrankfurterApp.Tests", "FrankfurterApp.Tests\FrankfurterApp.Tests.csproj", "{71B68132-092E-427E-8522-DCF76C072D23}"
EndProject
Global
	GlobalSection(SolutionConfigurationPlatforms) = preSolution
		Debug|Any CPU = Debug|Any CPU
		Release|Any CPU = Release|Any CPU
	EndGlobalSection
	GlobalSection(ProjectConfigurationPlatforms) = postSolution
		{E40D5BD7-E68A-4335-B941-20AE0A968CAD}.Debug|Any CPU.ActiveCfg = Debug|Any CPU
		{E40D5BD7-E68A-4335-B941-20AE0A968CAD}.Debug|Any CPU.Build.0 = Debug|Any CPU
		{E40D5BD7-E68A-4335-B941-20AE0A968CAD}.Release|Any CPU.ActiveCfg = Release|Any CPU
		{E40D5BD7-E68A-4335-B941-20AE0A968CAD}.Release|Any CPU.Build.0 = Release|Any CPU
		{71B68132-092E-427E-8522-DCF76C072D23}.Debug|Any CPU.ActiveCfg = Debug|Any CPU
		{71B68132-092E-427E-8522-DCF76C072D23}.Debug|Any CPU.Build.0 = Debug|Any CPU
		{71B68132-092E-427E-8522-DCF76C072D23}.Release|Any CPU.ActiveCfg = Release|Any CPU
		{71B68132-092E-427E-8522-DCF76C072D23}.Release|Any CPU.Build.0 = Release|Any CPU
	EndGlobalSection
EndGlobal
